// !$*UTF8*$!
{
	archiveVersion = 1;
	classes = {
	};
	objectVersion = 48;
	objects = {

/* Begin PBXBuildFile section */
		38B3CBF7E0B3D23708E14C46 /* Pods_grokRouter.framework in Frameworks */ = {isa = PBXBuildFile; fileRef = 3B7140E5819B9D6176E457E8 /* Pods_grokRouter.framework */; };
		CF946D83206C2ADA00808232 /* AppDelegate.swift in Sources */ = {isa = PBXBuildFile; fileRef = CF946D82206C2ADA00808232 /* AppDelegate.swift */; };
		CF946D85206C2ADA00808232 /* ViewController.swift in Sources */ = {isa = PBXBuildFile; fileRef = CF946D84206C2ADA00808232 /* ViewController.swift */; };
		CF946D88206C2ADA00808232 /* Main.storyboard in Resources */ = {isa = PBXBuildFile; fileRef = CF946D86206C2ADA00808232 /* Main.storyboard */; };
		CF946D8A206C2ADA00808232 /* Assets.xcassets in Resources */ = {isa = PBXBuildFile; fileRef = CF946D89206C2ADA00808232 /* Assets.xcassets */; };
		CF946D8D206C2ADA00808232 /* LaunchScreen.storyboard in Resources */ = {isa = PBXBuildFile; fileRef = CF946D8B206C2ADA00808232 /* LaunchScreen.storyboard */; };
/* End PBXBuildFile section */

/* Begin PBXFileReference section */
		3B7140E5819B9D6176E457E8 /* Pods_grokRouter.framework */ = {isa = PBXFileReference; explicitFileType = wrapper.framework; includeInIndex = 0; path = Pods_grokRouter.framework; sourceTree = BUILT_PRODUCTS_DIR; };
		7941AAAB97E9250B3B29E5B2 /* Pods-grokRouter.release.xcconfig */ = {isa = PBXFileReference; includeInIndex = 1; lastKnownFileType = text.xcconfig; name = "Pods-grokRouter.release.xcconfig"; path = "Pods/Target Support Files/Pods-grokRouter/Pods-grokRouter.release.xcconfig"; sourceTree = "<group>"; };
		CF946D7F206C2ADA00808232 /* grokRouter.app */ = {isa = PBXFileReference; explicitFileType = wrapper.application; includeInIndex = 0; path = grokRouter.app; sourceTree = BUILT_PRODUCTS_DIR; };
		CF946D82206C2ADA00808232 /* AppDelegate.swift */ = {isa = PBXFileReference; lastKnownFileType = sourcecode.swift; path = AppDelegate.swift; sourceTree = "<group>"; };
		CF946D84206C2ADA00808232 /* ViewController.swift */ = {isa = PBXFileReference; lastKnownFileType = sourcecode.swift; path = ViewController.swift; sourceTree = "<group>"; };
		CF946D87206C2ADA00808232 /* Base */ = {isa = PBXFileReference; lastKnownFileType = file.storyboard; name = Base; path = Base.lproj/Main.storyboard; sourceTree = "<group>"; };
		CF946D89206C2ADA00808232 /* Assets.xcassets */ = {isa = PBXFileReference; lastKnownFileType = folder.assetcatalog; path = Assets.xcassets; sourceTree = "<group>"; };
		CF946D8C206C2ADA00808232 /* Base */ = {isa = PBXFileReference; lastKnownFileType = file.storyboard; name = Base; path = Base.lproj/LaunchScreen.storyboard; sourceTree = "<group>"; };
		CF946D8E206C2ADA00808232 /* Info.plist */ = {isa = PBXFileReference; lastKnownFileType = text.plist.xml; path = Info.plist; sourceTree = "<group>"; };
		F4DD6631897FE53BD7E18B85 /* Pods-grokRouter.debug.xcconfig */ = {isa = PBXFileReference; includeInIndex = 1; lastKnownFileType = text.xcconfig; name = "Pods-grokRouter.debug.xcconfig"; path = "Pods/Target Support Files/Pods-grokRouter/Pods-grokRouter.debug.xcconfig"; sourceTree = "<group>"; };
/* End PBXFileReference section */

/* Begin PBXFrameworksBuildPhase section */
		CF946D7C206C2ADA00808232 /* Frameworks */ = {
			isa = PBXFrameworksBuildPhase;
			buildActionMask = 2147483647;
			files = (
				38B3CBF7E0B3D23708E14C46 /* Pods_grokRouter.framework in Frameworks */,
			);
			runOnlyForDeploymentPostprocessing = 0;
		};
/* End PBXFrameworksBuildPhase section */

/* Begin PBXGroup section */
		3AF79316C16745D22E79DB33 /* Frameworks */ = {
			isa = PBXGroup;
			children = (
				3B7140E5819B9D6176E457E8 /* Pods_grokRouter.framework */,
			);
			name = Frameworks;
			sourceTree = "<group>";
		};
		CF946D76206C2ADA00808232 = {
			isa = PBXGroup;
			children = (
				CF946D81206C2ADA00808232 /* grokRouter */,
				CF946D80206C2ADA00808232 /* Products */,
				DA75345514E52E3FB5EA1FF3 /* Pods */,
				3AF79316C16745D22E79DB33 /* Frameworks */,
			);
			sourceTree = "<group>";
		};
		CF946D80206C2ADA00808232 /* Products */ = {
			isa = PBXGroup;
			children = (
				CF946D7F206C2ADA00808232 /* grokRouter.app */,
			);
			name = Products;
			sourceTree = "<group>";
		};
		CF946D81206C2ADA00808232 /* grokRouter */ = {
			isa = PBXGroup;
			children = (
				CF946D82206C2ADA00808232 /* AppDelegate.swift */,
				CF946D84206C2ADA00808232 /* ViewController.swift */,
				CF946D86206C2ADA00808232 /* Main.storyboard */,
				CF946D89206C2ADA00808232 /* Assets.xcassets */,
				CF946D8B206C2ADA00808232 /* LaunchScreen.storyboard */,
				CF946D8E206C2ADA00808232 /* Info.plist */,
			);
			path = grokRouter;
			sourceTree = "<group>";
		};
		DA75345514E52E3FB5EA1FF3 /* Pods */ = {
			isa = PBXGroup;
			children = (
				F4DD6631897FE53BD7E18B85 /* Pods-grokRouter.debug.xcconfig */,
				7941AAAB97E9250B3B29E5B2 /* Pods-grokRouter.release.xcconfig */,
			);
			name = Pods;
			sourceTree = "<group>";
		};
/* End PBXGroup section */

/* Begin PBXNativeTarget section */
		CF946D7E206C2ADA00808232 /* grokRouter */ = {
			isa = PBXNativeTarget;
			buildConfigurationList = CF946D91206C2ADA00808232 /* Build configuration list for PBXNativeTarget "grokRouter" */;
			buildPhases = (
				6168E424EDE3A0A5D44D00C8 /* [CP] Check Pods Manifest.lock */,
				CF946D7B206C2ADA00808232 /* Sources */,
				CF946D7C206C2ADA00808232 /* Frameworks */,
				CF946D7D206C2ADA00808232 /* Resources */,
				247D794691B7F305F53497D4 /* [CP] Embed Pods Frameworks */,
				2987DF8E329563C8933360D6 /* [CP] Copy Pods Resources */,
			);
			buildRules = (
			);
			dependencies = (
			);
			name = grokRouter;
			productName = grokRouter;
			productReference = CF946D7F206C2ADA00808232 /* grokRouter.app */;
			productType = "com.apple.product-type.application";
		};
/* End PBXNativeTarget section */

/* Begin PBXProject section */
		CF946D77206C2ADA00808232 /* Project object */ = {
			isa = PBXProject;
			attributes = {
				LastSwiftUpdateCheck = 0920;
				LastUpgradeCheck = 0920;
				ORGANIZATIONNAME = "Christina Moulton";
				TargetAttributes = {
					CF946D7E206C2ADA00808232 = {
						CreatedOnToolsVersion = 9.2;
						ProvisioningStyle = Automatic;
					};
				};
			};
			buildConfigurationList = CF946D7A206C2ADA00808232 /* Build configuration list for PBXProject "grokRouter" */;
			compatibilityVersion = "Xcode 8.0";
			developmentRegion = en;
			hasScannedForEncodings = 0;
			knownRegions = (
				en,
				Base,
			);
			mainGroup = CF946D76206C2ADA00808232;
			productRefGroup = CF946D80206C2ADA00808232 /* Products */;
			projectDirPath = "";
			projectRoot = "";
			targets = (
				CF946D7E206C2ADA00808232 /* grokRouter */,
			);
		};
/* End PBXProject section */

/* Begin PBXResourcesBuildPhase section */
		CF946D7D206C2ADA00808232 /* Resources */ = {
			isa = PBXResourcesBuildPhase;
			buildActionMask = 2147483647;
			files = (
				CF946D8D206C2ADA00808232 /* LaunchScreen.storyboard in Resources */,
				CF946D8A206C2ADA00808232 /* Assets.xcassets in Resources */,
				CF946D88206C2ADA00808232 /* Main.storyboard in Resources */,
			);
			runOnlyForDeploymentPostprocessing = 0;
		};
/* End PBXResourcesBuildPhase section */

/* Begin PBXShellScriptBuildPhase section */
		247D794691B7F305F53497D4 /* [CP] Embed Pods Frameworks */ = {
			isa = PBXShellScriptBuildPhase;
			buildActionMask = 2147483647;
			files = (
			);
			inputPaths = (
				"${SRCROOT}/Pods/Target Support Files/Pods-grokRouter/Pods-grokRouter-frameworks.sh",
				"${BUILT_PRODUCTS_DIR}/Alamofire/Alamofire.framework",
			);
			name = "[CP] Embed Pods Frameworks";
			outputPaths = (
				"${TARGET_BUILD_DIR}/${FRAMEWORKS_FOLDER_PATH}/Alamofire.framework",
			);
			runOnlyForDeploymentPostprocessing = 0;
			shellPath = /bin/sh;
			shellScript = "\"${SRCROOT}/Pods/Target Support Files/Pods-grokRouter/Pods-grokRouter-frameworks.sh\"\n";
			showEnvVarsInLog = 0;
		};
		2987DF8E329563C8933360D6 /* [CP] Copy Pods Resources */ = {
			isa = PBXShellScriptBuildPhase;
			buildActionMask = 2147483647;
			files = (
			);
			inputPaths = (
			);
			name = "[CP] Copy Pods Resources";
			outputPaths = (
			);
			runOnlyForDeploymentPostprocessing = 0;
			shellPath = /bin/sh;
			shellScript = "\"${SRCROOT}/Pods/Target Support Files/Pods-grokRouter/Pods-grokRouter-resources.sh\"\n";
			showEnvVarsInLog = 0;
		};
		6168E424EDE3A0A5D44D00C8 /* [CP] Check Pods Manifest.lock */ = {
			isa = PBXShellScriptBuildPhase;
			buildActionMask = 2147483647;
			files = (
			);
			inputPaths = (
				"${PODS_PODFILE_DIR_PATH}/Podfile.lock",
				"${PODS_ROOT}/Manifest.lock",
			);
			name = "[CP] Check Pods Manifest.lock";
			outputPaths = (
				"$(DERIVED_FILE_DIR)/Pods-grokRouter-checkManifestLockResult.txt",
			);
			runOnlyForDeploymentPostprocessing = 0;
			shellPath = /bin/sh;
			shellScript = "diff \"${PODS_PODFILE_DIR_PATH}/Podfile.lock\" \"${PODS_ROOT}/Manifest.lock\" > /dev/null\nif [ $? != 0 ] ; then\n    # print error to STDERR\n    echo \"error: The sandbox is not in sync with the Podfile.lock. Run 'pod install' or update your CocoaPods installation.\" >&2\n    exit 1\nfi\n# This output is used by Xcode 'outputs' to avoid re-running this script phase.\necho \"SUCCESS\" > \"${SCRIPT_OUTPUT_FILE_0}\"\n";
			showEnvVarsInLog = 0;
		};
/* End PBXShellScriptBuildPhase section */

/* Begin PBXSourcesBuildPhase section */
		CF946D7B206C2ADA00808232 /* Sources */ = {
			isa = PBXSourcesBuildPhase;
			buildActionMask = 2147483647;
			files = (
				CF946D85206C2ADA00808232 /* ViewController.swift in Sources */,
				CF946D83206C2ADA00808232 /* AppDelegate.swift in Sources */,
			);
			runOnlyForDeploymentPostprocessing = 0;
		};
/* End PBXSourcesBuildPhase section */

/* Begin PBXVariantGroup section */
		CF946D86206C2ADA00808232 /* Main.storyboard */ = {
			isa = PBXVariantGroup;
			children = (
				CF946D87206C2ADA00808232 /* Base */,
			);
			name = Main.storyboard;
			sourceTree = "<group>";
		};
		CF946D8B206C2ADA00808232 /* LaunchScreen.storyboard */ = {
			isa = PBXVariantGroup;
			children = (
				CF946D8C206C2ADA00808232 /* Base */,
			);
			name = LaunchScreen.storyboard;
			sourceTree = "<group>";
		};
/* End PBXVariantGroup section */

/* Begin XCBuildConfiguration section */
		CF946D8F206C2ADA00808232 /* Debug */ = {
			isa = XCBuildConfiguration;
			buildSettings = {
				ALWAYS_SEARCH_USER_PATHS = NO;
				CLANG_ANALYZER_NONNULL = YES;
				CLANG_ANALYZER_NUMBER_OBJECT_CONVERSION = YES_AGGRESSIVE;
				CLANG_CXX_LANGUAGE_STANDARD = "gnu++14";
				CLANG_CXX_LIBRARY = "libc++";
				CLANG_ENABLE_MODULES = YES;
				CLANG_ENABLE_OBJC_ARC = YES;
				CLANG_WARN_BLOCK_CAPTURE_AUTORELEASING = YES;
				CLANG_WARN_BOOL_CONVERSION = YES;
				CLANG_WARN_COMMA = YES;
				CLANG_WARN_CONSTANT_CONVERSION = YES;
				CLANG_WARN_DIRECT_OBJC_ISA_USAGE = YES_ERROR;
				CLANG_WARN_DOCUMENTATION_COMMENTS = YES;
				CLANG_WARN_EMPTY_BODY = YES;
				CLANG_WARN_ENUM_CONVERSION = YES;
				CLANG_WARN_INFINITE_RECURSION = YES;
				CLANG_WARN_INT_CONVERSION = YES;
				CLANG_WARN_NON_LITERAL_NULL_CONVERSION = YES;
				CLANG_WARN_OBJC_LITERAL_CONVERSION = YES;
				CLANG_WARN_OBJC_ROOT_CLASS = YES_ERROR;
				CLANG_WARN_RANGE_LOOP_ANALYSIS = YES;
				CLANG_WARN_STRICT_PROTOTYPES = YES;
				CLANG_WARN_SUSPICIOUS_MOVE = YES;
				CLANG_WARN_UNGUARDED_AVAILABILITY = YES_AGGRESSIVE;
				CLANG_WARN_UNREACHABLE_CODE = YES;
				CLANG_WARN__DUPLICATE_METHOD_MATCH = YES;
				CODE_SIGN_IDENTITY = "iPhone Developer";
				COPY_PHASE_STRIP = NO;
				DEBUG_INFORMATION_FORMAT = dwarf;
				ENABLE_STRICT_OBJC_MSGSEND = YES;
				ENABLE_TESTABILITY = YES;
				GCC_C_LANGUAGE_STANDARD = gnu11;
				GCC_DYNAMIC_NO_PIC = NO;
				GCC_NO_COMMON_BLOCKS = YES;
				GCC_OPTIMIZATION_LEVEL = 0;
				GCC_PREPROCESSOR_DEFINITIONS = (
					"DEBUG=1",
					"$(inherited)",
				);
				GCC_WARN_64_TO_32_BIT_CONVERSION = YES;
				GCC_WARN_ABOUT_RETURN_TYPE = YES_ERROR;
				GCC_WARN_UNDECLARED_SELECTOR = YES;
				GCC_WARN_UNINITIALIZED_AUTOS = YES_AGGRESSIVE;
				GCC_WARN_UNUSED_FUNCTION = YES;
				GCC_WARN_UNUSED_VARIABLE = YES;
				IPHONEOS_DEPLOYMENT_TARGET = 11.2;
				MTL_ENABLE_DEBUG_INFO = YES;
				ONLY_ACTIVE_ARCH = YES;
				SDKROOT = iphoneos;
				SWIFT_ACTIVE_COMPILATION_CONDITIONS = DEBUG;
				SWIFT_OPTIMIZATION_LEVEL = "-Onone";
			};
			name = Debug;
		};
		CF946D90206C2ADA00808232 /* Release */ = {
			isa = XCBuildConfiguration;
			buildSettings = {
				ALWAYS_SEARCH_USER_PATHS = NO;
				CLANG_ANALYZER_NONNULL = YES;
				CLANG_ANALYZER_NUMBER_OBJECT_CONVERSION = YES_AGGRESSIVE;
				CLANG_CXX_LANGUAGE_STANDARD = "gnu++14";
				CLANG_CXX_LIBRARY = "libc++";
				CLANG_ENABLE_MODULES = YES;
				CLANG_ENABLE_OBJC_ARC = YES;
				CLANG_WARN_BLOCK_CAPTURE_AUTORELEASING = YES;
				CLANG_WARN_BOOL_CONVERSION = YES;
				CLANG_WARN_COMMA = YES;
				CLANG_WARN_CONSTANT_CONVERSION = YES;
				CLANG_WARN_DIRECT_OBJC_ISA_USAGE = YES_ERROR;
				CLANG_WARN_DOCUMENTATION_COMMENTS = YES;
				CLANG_WARN_EMPTY_BODY = YES;
				CLANG_WARN_ENUM_CONVERSION = YES;
				CLANG_WARN_INFINITE_RECURSION = YES;
				CLANG_WARN_INT_CONVERSION = YES;
				CLANG_WARN_NON_LITERAL_NULL_CONVERSION = YES;
				CLANG_WARN_OBJC_LITERAL_CONVERSION = YES;
				CLANG_WARN_OBJC_ROOT_CLASS = YES_ERROR;
				CLANG_WARN_RANGE_LOOP_ANALYSIS = YES;
				CLANG_WARN_STRICT_PROTOTYPES = YES;
				CLANG_WARN_SUSPICIOUS_MOVE = YES;
				CLANG_WARN_UNGUARDED_AVAILABILITY = YES_AGGRESSIVE;
				CLANG_WARN_UNREACHABLE_CODE = YES;
				CLANG_WARN__DUPLICATE_METHOD_MATCH = YES;
				CODE_SIGN_IDENTITY = "iPhone Developer";
				COPY_PHASE_STRIP = NO;
				DEBUG_INFORMATION_FORMAT = "dwarf-with-dsym";
				ENABLE_NS_ASSERTIONS = NO;
				ENABLE_STRICT_OBJC_MSGSEND = YES;
				GCC_C_LANGUAGE_STANDARD = gnu11;
				GCC_NO_COMMON_BLOCKS = YES;
				GCC_WARN_64_TO_32_BIT_CONVERSION = YES;
				GCC_WARN_ABOUT_RETURN_TYPE = YES_ERROR;
				GCC_WARN_UNDECLARED_SELECTOR = YES;
				GCC_WARN_UNINITIALIZED_AUTOS = YES_AGGRESSIVE;
				GCC_WARN_UNUSED_FUNCTION = YES;
				GCC_WARN_UNUSED_VARIABLE = YES;
				IPHONEOS_DEPLOYMENT_TARGET = 11.2;
				MTL_ENABLE_DEBUG_INFO = NO;
				SDKROOT = iphoneos;
				SWIFT_OPTIMIZATION_LEVEL = "-Owholemodule";
				VALIDATE_PRODUCT = YES;
			};
			name = Release;
		};
		CF946D92206C2ADA00808232 /* Debug */ = {
			isa = XCBuildConfiguration;
			baseConfigurationReference = F4DD6631897FE53BD7E18B85 /* Pods-grokRouter.debug.xcconfig */;
			buildSettings = {
				ASSETCATALOG_COMPILER_APPICON_NAME = AppIcon;
				CODE_SIGN_STYLE = Automatic;
				DEVELOPMENT_TEAM = 87PYA4QFSY;
				INFOPLIST_FILE = grokRouter/Info.plist;
				LD_RUNPATH_SEARCH_PATHS = "$(inherited) @executable_path/Frameworks";
				PRODUCT_BUNDLE_IDENTIFIER = com.grokswift.grokRouter;
				PRODUCT_NAME = "$(TARGET_NAME)";
				SWIFT_VERSION = 4.0;
				TARGETED_DEVICE_FAMILY = "1,2";
			};
			name = Debug;
		};
		CF946D93206C2ADA00808232 /* Release */ = {
			isa = XCBuildConfiguration;
			baseConfigurationReference = 7941AAAB97E9250B3B29E5B2 /* Pods-grokRouter.release.xcconfig */;
			buildSettings = {
				ASSETCATALOG_COMPILER_APPICON_NAME = AppIcon;
				CODE_SIGN_STYLE = Automatic;
				DEVELOPMENT_TEAM = 87PYA4QFSY;
				INFOPLIST_FILE = grokRouter/Info.plist;
				LD_RUNPATH_SEARCH_PATHS = "$(inherited) @executable_path/Frameworks";
				PRODUCT_BUNDLE_IDENTIFIER = com.grokswift.grokRouter;
				PRODUCT_NAME = "$(TARGET_NAME)";
				SWIFT_VERSION = 4.0;
				TARGETED_DEVICE_FAMILY = "1,2";
			};
			name = Release;
		};
/* End XCBuildConfiguration section */

/* Begin XCConfigurationList section */
		CF946D7A206C2ADA00808232 /* Build configuration list for PBXProject "grokRouter" */ = {
			isa = XCConfigurationList;
			buildConfigurations = (
				CF946D8F206C2ADA00808232 /* Debug */,
				CF946D90206C2ADA00808232 /* Release */,
			);
			defaultConfigurationIsVisible = 0;
			defaultConfigurationName = Release;
		};
		CF946D91206C2ADA00808232 /* Build configuration list for PBXNativeTarget "grokRouter" */ = {
			isa = XCConfigurationList;
			buildConfigurations = (
				CF946D92206C2ADA00808232 /* Debug */,
				CF946D93206C2ADA00808232 /* Release */,
			);
			defaultConfigurationIsVisible = 0;
			defaultConfigurationName = Release;
		};
/* End XCConfigurationList section */
	};
	rootObject = CF946D77206C2ADA00808232 /* Project object */;
}
